// !$*UTF8*$!
{
	archiveVersion = 1;
	classes = {
	};
	objectVersion = 50;
	objects = {

/* Begin PBXBuildFile section */
		DE244C2324ACF039009046AC /* AppDelegate.swift in Sources */ = {isa = PBXBuildFile; fileRef = DE244C2224ACF039009046AC /* AppDelegate.swift */; };
		DE244C2524ACF039009046AC /* ViewController.swift in Sources */ = {isa = PBXBuildFile; fileRef = DE244C2424ACF039009046AC /* ViewController.swift */; };
		DE244C2824ACF039009046AC /* Main.storyboard in Resources */ = {isa = PBXBuildFile; fileRef = DE244C2624ACF039009046AC /* Main.storyboard */; };
		DE244C2A24ACF03B009046AC /* Assets.xcassets in Resources */ = {isa = PBXBuildFile; fileRef = DE244C2924ACF03B009046AC /* Assets.xcassets */; };
		DE244C2D24ACF03B009046AC /* LaunchScreen.storyboard in Resources */ = {isa = PBXBuildFile; fileRef = DE244C2B24ACF03B009046AC /* LaunchScreen.storyboard */; };
		DE244C3824ACF03C009046AC /* FirstApp__HelloColorTests.swift in Sources */ = {isa = PBXBuildFile; fileRef = DE244C3724ACF03C009046AC /* FirstApp__HelloColorTests.swift */; };
		DE244C4324ACF03C009046AC /* FirstApp__HelloColorUITests.swift in Sources */ = {isa = PBXBuildFile; fileRef = DE244C4224ACF03C009046AC /* FirstApp__HelloColorUITests.swift */; };
/* End PBXBuildFile section */

/* Begin PBXContainerItemProxy section */
		DE244C3424ACF03C009046AC /* PBXContainerItemProxy */ = {
			isa = PBXContainerItemProxy;
			containerPortal = DE244C1724ACF039009046AC /* Project object */;
			proxyType = 1;
			remoteGlobalIDString = DE244C1E24ACF039009046AC;
			remoteInfo = "FirstApp. HelloColor";
		};
		DE244C3F24ACF03C009046AC /* PBXContainerItemProxy */ = {
			isa = PBXContainerItemProxy;
			containerPortal = DE244C1724ACF039009046AC /* Project object */;
			proxyType = 1;
			remoteGlobalIDString = DE244C1E24ACF039009046AC;
			remoteInfo = "FirstApp. HelloColor";
		};
/* End PBXContainerItemProxy section */

/* Begin PBXFileReference section */
		DE244C1F24ACF039009046AC /* FirstApp. HelloColor.app */ = {isa = PBXFileReference; explicitFileType = wrapper.application; includeInIndex = 0; path = "FirstApp. HelloColor.app"; sourceTree = BUILT_PRODUCTS_DIR; };
		DE244C2224ACF039009046AC /* AppDelegate.swift */ = {isa = PBXFileReference; lastKnownFileType = sourcecode.swift; path = AppDelegate.swift; sourceTree = "<group>"; };
		DE244C2424ACF039009046AC /* ViewController.swift */ = {isa = PBXFileReference; lastKnownFileType = sourcecode.swift; path = ViewController.swift; sourceTree = "<group>"; };
		DE244C2724ACF039009046AC /* Base */ = {isa = PBXFileReference; lastKnownFileType = file.storyboard; name = Base; path = Base.lproj/Main.storyboard; sourceTree = "<group>"; };
		DE244C2924ACF03B009046AC /* Assets.xcassets */ = {isa = PBXFileReference; lastKnownFileType = folder.assetcatalog; path = Assets.xcassets; sourceTree = "<group>"; };
		DE244C2C24ACF03B009046AC /* Base */ = {isa = PBXFileReference; lastKnownFileType = file.storyboard; name = Base; path = Base.lproj/LaunchScreen.storyboard; sourceTree = "<group>"; };
		DE244C2E24ACF03B009046AC /* Info.plist */ = {isa = PBXFileReference; lastKnownFileType = text.plist.xml; path = Info.plist; sourceTree = "<group>"; };
		DE244C3324ACF03C009046AC /* FirstApp. HelloColorTests.xctest */ = {isa = PBXFileReference; explicitFileType = wrapper.cfbundle; includeInIndex = 0; path = "FirstApp. HelloColorTests.xctest"; sourceTree = BUILT_PRODUCTS_DIR; };
		DE244C3724ACF03C009046AC /* FirstApp__HelloColorTests.swift */ = {isa = PBXFileReference; lastKnownFileType = sourcecode.swift; path = FirstApp__HelloColorTests.swift; sourceTree = "<group>"; };
		DE244C3924ACF03C009046AC /* Info.plist */ = {isa = PBXFileReference; lastKnownFileType = text.plist.xml; path = Info.plist; sourceTree = "<group>"; };
		DE244C3E24ACF03C009046AC /* FirstApp. HelloColorUITests.xctest */ = {isa = PBXFileReference; explicitFileType = wrapper.cfbundle; includeInIndex = 0; path = "FirstApp. HelloColorUITests.xctest"; sourceTree = BUILT_PRODUCTS_DIR; };
		DE244C4224ACF03C009046AC /* FirstApp__HelloColorUITests.swift */ = {isa = PBXFileReference; lastKnownFileType = sourcecode.swift; path = FirstApp__HelloColorUITests.swift; sourceTree = "<group>"; };
		DE244C4424ACF03C009046AC /* Info.plist */ = {isa = PBXFileReference; lastKnownFileType = text.plist.xml; path = Info.plist; sourceTree = "<group>"; };
/* End PBXFileReference section */

/* Begin PBXFrameworksBuildPhase section */
		DE244C1C24ACF039009046AC /* Frameworks */ = {
			isa = PBXFrameworksBuildPhase;
			buildActionMask = 2147483647;
			files = (
			);
			runOnlyForDeploymentPostprocessing = 0;
		};
		DE244C3024ACF03C009046AC /* Frameworks */ = {
			isa = PBXFrameworksBuildPhase;
			buildActionMask = 2147483647;
			files = (
			);
			runOnlyForDeploymentPostprocessing = 0;
		};
		DE244C3B24ACF03C009046AC /* Frameworks */ = {
			isa = PBXFrameworksBuildPhase;
			buildActionMask = 2147483647;
			files = (
			);
			runOnlyForDeploymentPostprocessing = 0;
		};
/* End PBXFrameworksBuildPhase section */

/* Begin PBXGroup section */
		DE244C1624ACF039009046AC = {
			isa = PBXGroup;
			children = (
				DE244C2124ACF039009046AC /* FirstApp. HelloColor */,
				DE244C3624ACF03C009046AC /* FirstApp. HelloColorTests */,
				DE244C4124ACF03C009046AC /* FirstApp. HelloColorUITests */,
				DE244C2024ACF039009046AC /* Products */,
			);
			sourceTree = "<group>";
		};
		DE244C2024ACF039009046AC /* Products */ = {
			isa = PBXGroup;
			children = (
				DE244C1F24ACF039009046AC /* FirstApp. HelloColor.app */,
				DE244C3324ACF03C009046AC /* FirstApp. HelloColorTests.xctest */,
				DE244C3E24ACF03C009046AC /* FirstApp. HelloColorUITests.xctest */,
			);
			name = Products;
			sourceTree = "<group>";
		};
		DE244C2124ACF039009046AC /* FirstApp. HelloColor */ = {
			isa = PBXGroup;
			children = (
				DE244C2224ACF039009046AC /* AppDelegate.swift */,
				DE244C2424ACF039009046AC /* ViewController.swift */,
				DE244C2624ACF039009046AC /* Main.storyboard */,
				DE244C2924ACF03B009046AC /* Assets.xcassets */,
				DE244C2B24ACF03B009046AC /* LaunchScreen.storyboard */,
				DE244C2E24ACF03B009046AC /* Info.plist */,
			);
			path = "FirstApp. HelloColor";
			sourceTree = "<group>";
		};
		DE244C3624ACF03C009046AC /* FirstApp. HelloColorTests */ = {
			isa = PBXGroup;
			children = (
				DE244C3724ACF03C009046AC /* FirstApp__HelloColorTests.swift */,
				DE244C3924ACF03C009046AC /* Info.plist */,
			);
			path = "FirstApp. HelloColorTests";
			sourceTree = "<group>";
		};
		DE244C4124ACF03C009046AC /* FirstApp. HelloColorUITests */ = {
			isa = PBXGroup;
			children = (
				DE244C4224ACF03C009046AC /* FirstApp__HelloColorUITests.swift */,
				DE244C4424ACF03C009046AC /* Info.plist */,
			);
			path = "FirstApp. HelloColorUITests";
			sourceTree = "<group>";
		};
/* End PBXGroup section */

/* Begin PBXNativeTarget section */
		DE244C1E24ACF039009046AC /* FirstApp. HelloColor */ = {
			isa = PBXNativeTarget;
			buildConfigurationList = DE244C4724ACF03C009046AC /* Build configuration list for PBXNativeTarget "FirstApp. HelloColor" */;
			buildPhases = (
				DE244C1B24ACF039009046AC /* Sources */,
				DE244C1C24ACF039009046AC /* Frameworks */,
				DE244C1D24ACF039009046AC /* Resources */,
			);
			buildRules = (
			);
			dependencies = (
			);
			name = "FirstApp. HelloColor";
			productName = "FirstApp. HelloColor";
			productReference = DE244C1F24ACF039009046AC /* FirstApp. HelloColor.app */;
			productType = "com.apple.product-type.application";
		};
		DE244C3224ACF03C009046AC /* FirstApp. HelloColorTests */ = {
			isa = PBXNativeTarget;
			buildConfigurationList = DE244C4A24ACF03C009046AC /* Build configuration list for PBXNativeTarget "FirstApp. HelloColorTests" */;
			buildPhases = (
				DE244C2F24ACF03C009046AC /* Sources */,
				DE244C3024ACF03C009046AC /* Frameworks */,
				DE244C3124ACF03C009046AC /* Resources */,
			);
			buildRules = (
			);
			dependencies = (
				DE244C3524ACF03C009046AC /* PBXTargetDependency */,
			);
			name = "FirstApp. HelloColorTests";
			productName = "FirstApp. HelloColorTests";
			productReference = DE244C3324ACF03C009046AC /* FirstApp. HelloColorTests.xctest */;
			productType = "com.apple.product-type.bundle.unit-test";
		};
		DE244C3D24ACF03C009046AC /* FirstApp. HelloColorUITests */ = {
			isa = PBXNativeTarget;
			buildConfigurationList = DE244C4D24ACF03C009046AC /* Build configuration list for PBXNativeTarget "FirstApp. HelloColorUITests" */;
			buildPhases = (
				DE244C3A24ACF03C009046AC /* Sources */,
				DE244C3B24ACF03C009046AC /* Frameworks */,
				DE244C3C24ACF03C009046AC /* Resources */,
			);
			buildRules = (
			);
			dependencies = (
				DE244C4024ACF03C009046AC /* PBXTargetDependency */,
			);
			name = "FirstApp. HelloColorUITests";
			productName = "FirstApp. HelloColorUITests";
			productReference = DE244C3E24ACF03C009046AC /* FirstApp. HelloColorUITests.xctest */;
			productType = "com.apple.product-type.bundle.ui-testing";
		};
/* End PBXNativeTarget section */

/* Begin PBXProject section */
		DE244C1724ACF039009046AC /* Project object */ = {
			isa = PBXProject;
			attributes = {
				LastSwiftUpdateCheck = 1010;
				LastUpgradeCheck = 1010;
				ORGANIZATIONNAME = anelapplab;
				TargetAttributes = {
					DE244C1E24ACF039009046AC = {
						CreatedOnToolsVersion = 10.1;
					};
					DE244C3224ACF03C009046AC = {
						CreatedOnToolsVersion = 10.1;
						TestTargetID = DE244C1E24ACF039009046AC;
					};
					DE244C3D24ACF03C009046AC = {
						CreatedOnToolsVersion = 10.1;
						TestTargetID = DE244C1E24ACF039009046AC;
					};
				};
			};
			buildConfigurationList = DE244C1A24ACF039009046AC /* Build configuration list for PBXProject "FirstApp. HelloColor" */;
			compatibilityVersion = "Xcode 9.3";
			developmentRegion = en;
			hasScannedForEncodings = 0;
			knownRegions = (
				en,
				Base,
			);
			mainGroup = DE244C1624ACF039009046AC;
			productRefGroup = DE244C2024ACF039009046AC /* Products */;
			projectDirPath = "";
			projectRoot = "";
			targets = (
				DE244C1E24ACF039009046AC /* FirstApp. HelloColor */,
				DE244C3224ACF03C009046AC /* FirstApp. HelloColorTests */,
				DE244C3D24ACF03C009046AC /* FirstApp. HelloColorUITests */,
			);
		};
/* End PBXProject section */

/* Begin PBXResourcesBuildPhase section */
		DE244C1D24ACF039009046AC /* Resources */ = {
			isa = PBXResourcesBuildPhase;
			buildActionMask = 2147483647;
			files = (
				DE244C2D24ACF03B009046AC /* LaunchScreen.storyboard in Resources */,
				DE244C2A24ACF03B009046AC /* Assets.xcassets in Resources */,
				DE244C2824ACF039009046AC /* Main.storyboard in Resources */,
			);
			runOnlyForDeploymentPostprocessing = 0;
		};
		DE244C3124ACF03C009046AC /* Resources */ = {
			isa = PBXResourcesBuildPhase;
			buildActionMask = 2147483647;
			files = (
			);
			runOnlyForDeploymentPostprocessing = 0;
		};
		DE244C3C24ACF03C009046AC /* Resources */ = {
			isa = PBXResourcesBuildPhase;
			buildActionMask = 2147483647;
			files = (
			);
			runOnlyForDeploymentPostprocessing = 0;
		};
/* End PBXResourcesBuildPhase section */

/* Begin PBXSourcesBuildPhase section */
		DE244C1B24ACF039009046AC /* Sources */ = {
			isa = PBXSourcesBuildPhase;
			buildActionMask = 2147483647;
			files = (
				DE244C2524ACF039009046AC /* ViewController.swift in Sources */,
				DE244C2324ACF039009046AC /* AppDelegate.swift in Sources */,
			);
			runOnlyForDeploymentPostprocessing = 0;
		};
		DE244C2F24ACF03C009046AC /* Sources */ = {
			isa = PBXSourcesBuildPhase;
			buildActionMask = 2147483647;
			files = (
				DE244C3824ACF03C009046AC /* FirstApp__HelloColorTests.swift in Sources */,
			);
			runOnlyForDeploymentPostprocessing = 0;
		};
		DE244C3A24ACF03C009046AC /* Sources */ = {
			isa = PBXSourcesBuildPhase;
			buildActionMask = 2147483647;
			files = (
				DE244C4324ACF03C009046AC /* FirstApp__HelloColorUITests.swift in Sources */,
			);
			runOnlyForDeploymentPostprocessing = 0;
		};
/* End PBXSourcesBuildPhase section */

/* Begin PBXTargetDependency section */
		DE244C3524ACF03C009046AC /* PBXTargetDependency */ = {
			isa = PBXTargetDependency;
			target = DE244C1E24ACF039009046AC /* FirstApp. HelloColor */;
			targetProxy = DE244C3424ACF03C009046AC /* PBXContainerItemProxy */;
		};
		DE244C4024ACF03C009046AC /* PBXTargetDependency */ = {
			isa = PBXTargetDependency;
			target = DE244C1E24ACF039009046AC /* FirstApp. HelloColor */;
			targetProxy = DE244C3F24ACF03C009046AC /* PBXContainerItemProxy */;
		};
/* End PBXTargetDependency section */

/* Begin PBXVariantGroup section */
		DE244C2624ACF039009046AC /* Main.storyboard */ = {
			isa = PBXVariantGroup;
			children = (
				DE244C2724ACF039009046AC /* Base */,
			);
			name = Main.storyboard;
			sourceTree = "<group>";
		};
		DE244C2B24ACF03B009046AC /* LaunchScreen.storyboard */ = {
			isa = PBXVariantGroup;
			children = (
				DE244C2C24ACF03B009046AC /* Base */,
			);
			name = LaunchScreen.storyboard;
			sourceTree = "<group>";
		};
/* End PBXVariantGroup section */

/* Begin XCBuildConfiguration section */
		DE244C4524ACF03C009046AC /* Debug */ = {
			isa = XCBuildConfiguration;
			buildSettings = {
				ALWAYS_SEARCH_USER_PATHS = NO;
				CLANG_ANALYZER_NONNULL = YES;
				CLANG_ANALYZER_NUMBER_OBJECT_CONVERSION = YES_AGGRESSIVE;
				CLANG_CXX_LANGUAGE_STANDARD = "gnu++14";
				CLANG_CXX_LIBRARY = "libc++";
				CLANG_ENABLE_MODULES = YES;
				CLANG_ENABLE_OBJC_ARC = YES;
				CLANG_ENABLE_OBJC_WEAK = YES;
				CLANG_WARN_BLOCK_CAPTURE_AUTORELEASING = YES;
				CLANG_WARN_BOOL_CONVERSION = YES;
				CLANG_WARN_COMMA = YES;
				CLANG_WARN_CONSTANT_CONVERSION = YES;
				CLANG_WARN_DEPRECATED_OBJC_IMPLEMENTATIONS = YES;
				CLANG_WARN_DIRECT_OBJC_ISA_USAGE = YES_ERROR;
				CLANG_WARN_DOCUMENTATION_COMMENTS = YES;
				CLANG_WARN_EMPTY_BODY = YES;
				CLANG_WARN_ENUM_CONVERSION = YES;
				CLANG_WARN_INFINITE_RECURSION = YES;
				CLANG_WARN_INT_CONVERSION = YES;
				CLANG_WARN_NON_LITERAL_NULL_CONVERSION = YES;
				CLANG_WARN_OBJC_IMPLICIT_RETAIN_SELF = YES;
				CLANG_WARN_OBJC_LITERAL_CONVERSION = YES;
				CLANG_WARN_OBJC_ROOT_CLASS = YES_ERROR;
				CLANG_WARN_RANGE_LOOP_ANALYSIS = YES;
				CLANG_WARN_STRICT_PROTOTYPES = YES;
				CLANG_WARN_SUSPICIOUS_MOVE = YES;
				CLANG_WARN_UNGUARDED_AVAILABILITY = YES_AGGRESSIVE;
				CLANG_WARN_UNREACHABLE_CODE = YES;
				CLANG_WARN__DUPLICATE_METHOD_MATCH = YES;
				CODE_SIGN_IDENTITY = "iPhone Developer";
				COPY_PHASE_STRIP = NO;
				DEBUG_INFORMATION_FORMAT = dwarf;
				ENABLE_STRICT_OBJC_MSGSEND = YES;
				ENABLE_TESTABILITY = YES;
				GCC_C_LANGUAGE_STANDARD = gnu11;
				GCC_DYNAMIC_NO_PIC = NO;
				GCC_NO_COMMON_BLOCKS = YES;
				GCC_OPTIMIZATION_LEVEL = 0;
				GCC_PREPROCESSOR_DEFINITIONS = (
					"DEBUG=1",
					"$(inherited)",
				);
				GCC_WARN_64_TO_32_BIT_CONVERSION = YES;
				GCC_WARN_ABOUT_RETURN_TYPE = YES_ERROR;
				GCC_WARN_UNDECLARED_SELECTOR = YES;
				GCC_WARN_UNINITIALIZED_AUTOS = YES_AGGRESSIVE;
				GCC_WARN_UNUSED_FUNCTION = YES;
				GCC_WARN_UNUSED_VARIABLE = YES;
				IPHONEOS_DEPLOYMENT_TARGET = 12.1;
				MTL_ENABLE_DEBUG_INFO = INCLUDE_SOURCE;
				MTL_FAST_MATH = YES;
				ONLY_ACTIVE_ARCH = YES;
				SDKROOT = iphoneos;
				SWIFT_ACTIVE_COMPILATION_CONDITIONS = DEBUG;
				SWIFT_OPTIMIZATION_LEVEL = "-Onone";
			};
			name = Debug;
		};
		DE244C4624ACF03C009046AC /* Release */ = {
			isa = XCBuildConfiguration;
			buildSettings = {
				ALWAYS_SEARCH_USER_PATHS = NO;
				CLANG_ANALYZER_NONNULL = YES;
				CLANG_ANALYZER_NUMBER_OBJECT_CONVERSION = YES_AGGRESSIVE;
				CLANG_CXX_LANGUAGE_STANDARD = "gnu++14";
				CLANG_CXX_LIBRARY = "libc++";
				CLANG_ENABLE_MODULES = YES;
				CLANG_ENABLE_OBJC_ARC = YES;
				CLANG_ENABLE_OBJC_WEAK = YES;
				CLANG_WARN_BLOCK_CAPTURE_AUTORELEASING = YES;
				CLANG_WARN_BOOL_CONVERSION = YES;
				CLANG_WARN_COMMA = YES;
				CLANG_WARN_CONSTANT_CONVERSION = YES;
				CLANG_WARN_DEPRECATED_OBJC_IMPLEMENTATIONS = YES;
				CLANG_WARN_DIRECT_OBJC_ISA_USAGE = YES_ERROR;
				CLANG_WARN_DOCUMENTATION_COMMENTS = YES;
				CLANG_WARN_EMPTY_BODY = YES;
				CLANG_WARN_ENUM_CONVERSION = YES;
				CLANG_WARN_INFINITE_RECURSION = YES;
				CLANG_WARN_INT_CONVERSION = YES;
				CLANG_WARN_NON_LITERAL_NULL_CONVERSION = YES;
				CLANG_WARN_OBJC_IMPLICIT_RETAIN_SELF = YES;
				CLANG_WARN_OBJC_LITERAL_CONVERSION = YES;
				CLANG_WARN_OBJC_ROOT_CLASS = YES_ERROR;
				CLANG_WARN_RANGE_LOOP_ANALYSIS = YES;
				CLANG_WARN_STRICT_PROTOTYPES = YES;
				CLANG_WARN_SUSPICIOUS_MOVE = YES;
				CLANG_WARN_UNGUARDED_AVAILABILITY = YES_AGGRESSIVE;
				CLANG_WARN_UNREACHABLE_CODE = YES;
				CLANG_WARN__DUPLICATE_METHOD_MATCH = YES;
				CODE_SIGN_IDENTITY = "iPhone Developer";
				COPY_PHASE_STRIP = NO;
				DEBUG_INFORMATION_FORMAT = "dwarf-with-dsym";
				ENABLE_NS_ASSERTIONS = NO;
				ENABLE_STRICT_OBJC_MSGSEND = YES;
				GCC_C_LANGUAGE_STANDARD = gnu11;
				GCC_NO_COMMON_BLOCKS = YES;
				GCC_WARN_64_TO_32_BIT_CONVERSION = YES;
				GCC_WARN_ABOUT_RETURN_TYPE = YES_ERROR;
				GCC_WARN_UNDECLARED_SELECTOR = YES;
				GCC_WARN_UNINITIALIZED_AUTOS = YES_AGGRESSIVE;
				GCC_WARN_UNUSED_FUNCTION = YES;
				GCC_WARN_UNUSED_VARIABLE = YES;
				IPHONEOS_DEPLOYMENT_TARGET = 12.1;
				MTL_ENABLE_DEBUG_INFO = NO;
				MTL_FAST_MATH = YES;
				SDKROOT = iphoneos;
				SWIFT_COMPILATION_MODE = wholemodule;
				SWIFT_OPTIMIZATION_LEVEL = "-O";
				VALIDATE_PRODUCT = YES;
			};
			name = Release;
		};
		DE244C4824ACF03C009046AC /* Debug */ = {
			isa = XCBuildConfiguration;
			buildSettings = {
				ASSETCATALOG_COMPILER_APPICON_NAME = AppIcon;
				CODE_SIGN_STYLE = Automatic;
				INFOPLIST_FILE = "FirstApp. HelloColor/Info.plist";
				LD_RUNPATH_SEARCH_PATHS = (
					"$(inherited)",
					"@executable_path/Frameworks",
				);
				PRODUCT_BUNDLE_IDENTIFIER = "com.anelapplab.FirstApp--HelloColor";
				PRODUCT_NAME = "$(TARGET_NAME)";
				SWIFT_VERSION = 4.2;
				TARGETED_DEVICE_FAMILY = "1,2";
			};
			name = Debug;
		};
		DE244C4924ACF03C009046AC /* Release */ = {
			isa = XCBuildConfiguration;
			buildSettings = {
				ASSETCATALOG_COMPILER_APPICON_NAME = AppIcon;
				CODE_SIGN_STYLE = Automatic;
				INFOPLIST_FILE = "FirstApp. HelloColor/Info.plist";
				LD_RUNPATH_SEARCH_PATHS = (
					"$(inherited)",
					"@executable_path/Frameworks",
				);
				PRODUCT_BUNDLE_IDENTIFIER = "com.anelapplab.FirstApp--HelloColor";
				PRODUCT_NAME = "$(TARGET_NAME)";
				SWIFT_VERSION = 4.2;
				TARGETED_DEVICE_FAMILY = "1,2";
			};
			name = Release;
		};
		DE244C4B24ACF03C009046AC /* Debug */ = {
			isa = XCBuildConfiguration;
			buildSettings = {
				ALWAYS_EMBED_SWIFT_STANDARD_LIBRARIES = YES;
				BUNDLE_LOADER = "$(TEST_HOST)";
				CODE_SIGN_STYLE = Automatic;
				INFOPLIST_FILE = "FirstApp. HelloColorTests/Info.plist";
				LD_RUNPATH_SEARCH_PATHS = (
					"$(inherited)",
					"@executable_path/Frameworks",
					"@loader_path/Frameworks",
				);
				PRODUCT_BUNDLE_IDENTIFIER = "com.anelapplab.FirstApp--HelloColorTests";
				PRODUCT_NAME = "$(TARGET_NAME)";
				SWIFT_VERSION = 4.2;
				TARGETED_DEVICE_FAMILY = "1,2";
				TEST_HOST = "$(BUILT_PRODUCTS_DIR)/FirstApp. HelloColor.app/FirstApp. HelloColor";
			};
			name = Debug;
		};
		DE244C4C24ACF03C009046AC /* Release */ = {
			isa = XCBuildConfiguration;
			buildSettings = {
				ALWAYS_EMBED_SWIFT_STANDARD_LIBRARIES = YES;
				BUNDLE_LOADER = "$(TEST_HOST)";
				CODE_SIGN_STYLE = Automatic;
				INFOPLIST_FILE = "FirstApp. HelloColorTests/Info.plist";
				LD_RUNPATH_SEARCH_PATHS = (
					"$(inherited)",
					"@executable_path/Frameworks",
					"@loader_path/Frameworks",
				);
				PRODUCT_BUNDLE_IDENTIFIER = "com.anelapplab.FirstApp--HelloColorTests";
				PRODUCT_NAME = "$(TARGET_NAME)";
				SWIFT_VERSION = 4.2;
				TARGETED_DEVICE_FAMILY = "1,2";
				TEST_HOST = "$(BUILT_PRODUCTS_DIR)/FirstApp. HelloColor.app/FirstApp. HelloColor";
			};
			name = Release;
		};
		DE244C4E24ACF03C009046AC /* Debug */ = {
			isa = XCBuildConfiguration;
			buildSettings = {
				ALWAYS_EMBED_SWIFT_STANDARD_LIBRARIES = YES;
				CODE_SIGN_STYLE = Automatic;
				INFOPLIST_FILE = "FirstApp. HelloColorUITests/Info.plist";
				LD_RUNPATH_SEARCH_PATHS = (
					"$(inherited)",
					"@executable_path/Frameworks",
					"@loader_path/Frameworks",
				);
				PRODUCT_BUNDLE_IDENTIFIER = "com.anelapplab.FirstApp--HelloColorUITests";
				PRODUCT_NAME = "$(TARGET_NAME)";
				SWIFT_VERSION = 4.2;
				TARGETED_DEVICE_FAMILY = "1,2";
				TEST_TARGET_NAME = "FirstApp. HelloColor";
			};
			name = Debug;
		};
		DE244C4F24ACF03C009046AC /* Release */ = {
			isa = XCBuildConfiguration;
			buildSettings = {
				ALWAYS_EMBED_SWIFT_STANDARD_LIBRARIES = YES;
				CODE_SIGN_STYLE = Automatic;
				INFOPLIST_FILE = "FirstApp. HelloColorUITests/Info.plist";
				LD_RUNPATH_SEARCH_PATHS = (
					"$(inherited)",
					"@executable_path/Frameworks",
					"@loader_path/Frameworks",
				);
				PRODUCT_BUNDLE_IDENTIFIER = "com.anelapplab.FirstApp--HelloColorUITests";
				PRODUCT_NAME = "$(TARGET_NAME)";
				SWIFT_VERSION = 4.2;
				TARGETED_DEVICE_FAMILY = "1,2";
				TEST_TARGET_NAME = "FirstApp. HelloColor";
			};
			name = Release;
		};
/* End XCBuildConfiguration section */

/* Begin XCConfigurationList section */
		DE244C1A24ACF039009046AC /* Build configuration list for PBXProject "FirstApp. HelloColor" */ = {
			isa = XCConfigurationList;
			buildConfigurations = (
				DE244C4524ACF03C009046AC /* Debug */,
				DE244C4624ACF03C009046AC /* Release */,
			);
			defaultConfigurationIsVisible = 0;
			defaultConfigurationName = Release;
		};
		DE244C4724ACF03C009046AC /* Build configuration list for PBXNativeTarget "FirstApp. HelloColor" */ = {
			isa = XCConfigurationList;
			buildConfigurations = (
				DE244C4824ACF03C009046AC /* Debug */,
				DE244C4924ACF03C009046AC /* Release */,
			);
			defaultConfigurationIsVisible = 0;
			defaultConfigurationName = Release;
		};
		DE244C4A24ACF03C009046AC /* Build configuration list for PBXNativeTarget "FirstApp. HelloColorTests" */ = {
			isa = XCConfigurationList;
			buildConfigurations = (
				DE244C4B24ACF03C009046AC /* Debug */,
				DE244C4C24ACF03C009046AC /* Release */,
			);
			defaultConfigurationIsVisible = 0;
			defaultConfigurationName = Release;
		};
		DE244C4D24ACF03C009046AC /* Build configuration list for PBXNativeTarget "FirstApp. HelloColorUITests" */ = {
			isa = XCConfigurationList;
			buildConfigurations = (
				DE244C4E24ACF03C009046AC /* Debug */,
				DE244C4F24ACF03C009046AC /* Release */,
			);
			defaultConfigurationIsVisible = 0;
			defaultConfigurationName = Release;
		};
/* End XCConfigurationList section */
	};
	rootObject = DE244C1724ACF039009046AC /* Project object */;
}
